
Microsoft Visual Studio Solution File, Format Version 12.00
# Visual Studio Version 17
VisualStudioVersion = 17.0.32014.148
MinimumVisualStudioVersion = 10.0.40219.1
Project("{FAE04EC0-301F-11D3-BF4B-00C04F79EFBC}") = "ShopOnline.Web", "ShopOnline.Web\ShopOnline.Web.csproj", "{F51FF8AA-2011-46C2-9984-9BEB41CA7A86}"
EndProject
Project("{FAE04EC0-301F-11D3-BF4B-00C04F79EFBC}") = "ShopOnline.Api", "ShopOnline.Api\ShopOnline.Api.csproj", "{39FE7538-FF3A-4A80-863E-79F882DB7350}"
EndProject
Global
	GlobalSection(SolutionConfigurationPlatforms) = preSolution
		Debug|Any CPU = Debug|Any CPU
		Release|Any CPU = Release|Any CPU
	EndGlobalSection
	GlobalSection(ProjectConfigurationPlatforms) = postSolution
		{F51FF8AA-2011-46C2-9984-9BEB41CA7A86}.Debug|Any CPU.ActiveCfg = Debug|Any CPU
		{F51FF8AA-2011-46C2-9984-9BEB41CA7A86}.Debug|Any CPU.Build.0 = Debug|Any CPU
		{F51FF8AA-2011-46C2-9984-9BEB41CA7A86}.Release|Any CPU.ActiveCfg = Release|Any CPU
		{F51FF8AA-2011-46C2-9984-9BEB41CA7A86}.Release|Any CPU.Build.0 = Release|Any CPU
		{39FE7538-FF3A-4A80-863E-79F882DB7350}.Debug|Any CPU.ActiveCfg = Debug|Any CPU
		{39FE7538-FF3A-4A80-863E-79F882DB7350}.Debug|Any CPU.Build.0 = Debug|Any CPU
		{39FE7538-FF3A-4A80-863E-79F882DB7350}.Release|Any CPU.ActiveCfg = Release|Any CPU
		{39FE7538-FF3A-4A80-863E-79F882DB7350}.Release|Any CPU.Build.0 = Release|Any CPU
	EndGlobalSection
	GlobalSection(SolutionProperties) = preSolution
		HideSolutionNode = FALSE
	EndGlobalSection
	GlobalSection(ExtensibilityGlobals) = postSolution
		SolutionGuid = {2D195103-DD43-4B4F-B649-3F6E78CA9DED}
	EndGlobalSection
EndGlobal
