
Microsoft Visual Studio Solution File, Format Version 12.00
# Visual Studio Version 17
VisualStudioVersion = 17.0.32014.148
MinimumVisualStudioVersion = 10.0.40219.1
Project("{9A19103F-16F7-4668-BE54-9A1E7A4F7556}") = "ShopOnline.Web", "ShopOnline.Web\ShopOnline.Web.csproj", "{F51FF8AA-2011-46C2-9984-9BEB41CA7A86}"
EndProject
Project("{9A19103F-16F7-4668-BE54-9A1E7A4F7556}") = "ShopOnline.Api", "ShopOnline.Api\ShopOnline.Api.csproj", "{39FE7538-FF3A-4A80-863E-79F882DB7350}"
EndProject
Project("{9A19103F-16F7-4668-BE54-9A1E7A4F7556}") = "ShopOnline.Models", "ShopOnline.Models\ShopOnline.Models.csproj", "{6B64E0D1-9769-45F4-B2E9-55D74B3D2707}"
EndProject
Project("{2150E333-8FDC-42A3-9474-1A3956D46DE8}") = "Solution Items", "Solution Items", "{5117066E-4A21-4DCF-B3CD-9434E85ACDCF}"
	ProjectSection(SolutionItems) = preProject
		.editorconfig = .editorconfig
	EndProjectSection
EndProject
Global
	GlobalSection(SolutionConfigurationPlatforms) = preSolution
		Debug|Any CPU = Debug|Any CPU
		Release|Any CPU = Release|Any CPU
	EndGlobalSection
	GlobalSection(ProjectConfigurationPlatforms) = postSolution
		{F51FF8AA-2011-46C2-9984-9BEB41CA7A86}.Debug|Any CPU.ActiveCfg = Debug|Any CPU
		{F51FF8AA-2011-46C2-9984-9BEB41CA7A86}.Debug|Any CPU.Build.0 = Debug|Any CPU
		{F51FF8AA-2011-46C2-9984-9BEB41CA7A86}.Release|Any CPU.ActiveCfg = Release|Any CPU
		{F51FF8AA-2011-46C2-9984-9BEB41CA7A86}.Release|Any CPU.Build.0 = Release|Any CPU
		{39FE7538-FF3A-4A80-863E-79F882DB7350}.Debug|Any CPU.ActiveCfg = Debug|Any CPU
		{39FE7538-FF3A-4A80-863E-79F882DB7350}.Debug|Any CPU.Build.0 = Debug|Any CPU
		{39FE7538-FF3A-4A80-863E-79F882DB7350}.Release|Any CPU.ActiveCfg = Release|Any CPU
		{39FE7538-FF3A-4A80-863E-79F882DB7350}.Release|Any CPU.Build.0 = Release|Any CPU
		{6B64E0D1-9769-45F4-B2E9-55D74B3D2707}.Debug|Any CPU.ActiveCfg = Debug|Any CPU
		{6B64E0D1-9769-45F4-B2E9-55D74B3D2707}.Debug|Any CPU.Build.0 = Debug|Any CPU
		{6B64E0D1-9769-45F4-B2E9-55D74B3D2707}.Release|Any CPU.ActiveCfg = Release|Any CPU
		{6B64E0D1-9769-45F4-B2E9-55D74B3D2707}.Release|Any CPU.Build.0 = Release|Any CPU
	EndGlobalSection
	GlobalSection(SolutionProperties) = preSolution
		HideSolutionNode = FALSE
	EndGlobalSection
	GlobalSection(ExtensibilityGlobals) = postSolution
		SolutionGuid = {2D195103-DD43-4B4F-B649-3F6E78CA9DED}
	EndGlobalSection
EndGlobal
